
Microsoft Visual Studio Solution File, Format Version 12.00
# Visual Studio Version 17
VisualStudioVersion = 17.6.33829.357
MinimumVisualStudioVersion = 10.0.40219.1
Project("{FAE04EC0-301F-11D3-BF4B-00C04F79EFBC}") = "Client", "Client\Client.csproj", "{3718F08E-0FFE-4F0E-975A-A4C91D9572C3}"
EndProject
Project("{FAE04EC0-301F-11D3-BF4B-00C04F79EFBC}") = "Server", "Server\Server.csproj", "{20B507E3-D02A-4E6F-8B56-D8C8E0607307}"
EndProject
Project("{FAE04EC0-301F-11D3-BF4B-00C04F79EFBC}") = "Utility", "Utility\Utility.csproj", "{0C20BDA1-7584-4778-B46C-9B93AC16586C}"
EndProject
Project("{FAE04EC0-301F-11D3-BF4B-00C04F79EFBC}") = "Hashing", "Hashing\Hashing.csproj", "{24FC2BD3-A46D-4CD7-97F0-BAF6F3D1FC8B}"
EndProject
Global
	GlobalSection(SolutionConfigurationPlatforms) = preSolution
		Debug|Any CPU = Debug|Any CPU
		Release|Any CPU = Release|Any CPU
	EndGlobalSection
	GlobalSection(ProjectConfigurationPlatforms) = postSolution
		{3718F08E-0FFE-4F0E-975A-A4C91D9572C3}.Debug|Any CPU.ActiveCfg = Debug|Any CPU
		{3718F08E-0FFE-4F0E-975A-A4C91D9572C3}.Debug|Any CPU.Build.0 = Debug|Any CPU
		{3718F08E-0FFE-4F0E-975A-A4C91D9572C3}.Release|Any CPU.ActiveCfg = Release|Any CPU
		{3718F08E-0FFE-4F0E-975A-A4C91D9572C3}.Release|Any CPU.Build.0 = Release|Any CPU
		{20B507E3-D02A-4E6F-8B56-D8C8E0607307}.Debug|Any CPU.ActiveCfg = Debug|Any CPU
		{20B507E3-D02A-4E6F-8B56-D8C8E0607307}.Debug|Any CPU.Build.0 = Debug|Any CPU
		{20B507E3-D02A-4E6F-8B56-D8C8E0607307}.Release|Any CPU.ActiveCfg = Release|Any CPU
		{20B507E3-D02A-4E6F-8B56-D8C8E0607307}.Release|Any CPU.Build.0 = Release|Any CPU
		{0C20BDA1-7584-4778-B46C-9B93AC16586C}.Debug|Any CPU.ActiveCfg = Debug|Any CPU
		{0C20BDA1-7584-4778-B46C-9B93AC16586C}.Debug|Any CPU.Build.0 = Debug|Any CPU
		{0C20BDA1-7584-4778-B46C-9B93AC16586C}.Release|Any CPU.ActiveCfg = Release|Any CPU
		{0C20BDA1-7584-4778-B46C-9B93AC16586C}.Release|Any CPU.Build.0 = Release|Any CPU
		{24FC2BD3-A46D-4CD7-97F0-BAF6F3D1FC8B}.Debug|Any CPU.ActiveCfg = Debug|Any CPU
		{24FC2BD3-A46D-4CD7-97F0-BAF6F3D1FC8B}.Debug|Any CPU.Build.0 = Debug|Any CPU
		{24FC2BD3-A46D-4CD7-97F0-BAF6F3D1FC8B}.Release|Any CPU.ActiveCfg = Release|Any CPU
		{24FC2BD3-A46D-4CD7-97F0-BAF6F3D1FC8B}.Release|Any CPU.Build.0 = Release|Any CPU
	EndGlobalSection
	GlobalSection(SolutionProperties) = preSolution
		HideSolutionNode = FALSE
	EndGlobalSection
	GlobalSection(ExtensibilityGlobals) = postSolution
		SolutionGuid = {28511C53-69FC-4EDC-86F4-28BDAACC089A}
	EndGlobalSection
EndGlobal
